
Microsoft Visual Studio Solution File, Format Version 12.00
Project("{FAE04EC0-301F-11D3-BF4B-00C04F79EFBC}") = "ExtracaoService", "ExtracaoService\ExtracaoService.csproj", "{377B961B-B33D-47D3-9647-A91A0D86E2E2}"
EndProject
Global
	GlobalSection(SolutionConfigurationPlatforms) = preSolution
		Debug|Any CPU = Debug|Any CPU
		Release|Any CPU = Release|Any CPU
	EndGlobalSection
	GlobalSection(ProjectConfigurationPlatforms) = postSolution
		{377B961B-B33D-47D3-9647-A91A0D86E2E2}.Debug|Any CPU.ActiveCfg = Debug|Any CPU
		{377B961B-B33D-47D3-9647-A91A0D86E2E2}.Debug|Any CPU.Build.0 = Debug|Any CPU
		{377B961B-B33D-47D3-9647-A91A0D86E2E2}.Release|Any CPU.ActiveCfg = Release|Any CPU
		{377B961B-B33D-47D3-9647-A91A0D86E2E2}.Release|Any CPU.Build.0 = Release|Any CPU
	EndGlobalSection
EndGlobal
